
Microsoft Visual Studio Solution File, Format Version 12.00
# Visual Studio Version 17
VisualStudioVersion = 17.5.33424.131
MinimumVisualStudioVersion = 10.0.40219.1
Project("{2150E333-8FDC-42A3-9474-1A3956D46DE8}") = "src", "src", "{831EEF4D-699F-4C6E-A3EE-E567E8ABBC3F}"
EndProject
Project("{2150E333-8FDC-42A3-9474-1A3956D46DE8}") = "Core", "Core", "{F38CF0B2-A2CD-4DA4-A1F8-3C32141B2846}"
EndProject
Project("{2150E333-8FDC-42A3-9474-1A3956D46DE8}") = "Infraestructure", "Infraestructure", "{02987C72-E752-4A4C-9EE6-7EDA96292349}"
EndProject
Project("{2150E333-8FDC-42A3-9474-1A3956D46DE8}") = "Presentation", "Presentation", "{C63E9F17-46F9-459B-A71D-8603F2A033F3}"
EndProject
Project("{9A19103F-16F7-4668-BE54-9A1E7A4F7556}") = "Application", "Application\Application.csproj", "{62DF8273-62EF-44CD-9443-C1041F8D2410}"
EndProject
Project("{9A19103F-16F7-4668-BE54-9A1E7A4F7556}") = "Domain", "Domain\Domain.csproj", "{ECB08CEB-6C66-4916-ACDB-6DF07F3C4772}"
EndProject
Project("{9A19103F-16F7-4668-BE54-9A1E7A4F7556}") = "Persistence", "Persistence\Persistence.csproj", "{11E1D16B-5EFB-4A29-BEC6-37F708EBC61F}"
EndProject
Project("{9A19103F-16F7-4668-BE54-9A1E7A4F7556}") = "Shared", "Shared\Shared.csproj", "{BB9BAFDF-963A-4E3D-8BF3-65CBF83FD4D7}"
EndProject
Project("{9A19103F-16F7-4668-BE54-9A1E7A4F7556}") = "Contracts", "Contracts\Contracts.csproj", "{65FD2480-5682-4F63-9664-CAD8C2A9B684}"
EndProject
Project("{FAE04EC0-301F-11D3-BF4B-00C04F79EFBC}") = "Api", "Api\Api.csproj", "{D518201C-74E0-4592-80EB-804920EC1F52}"
EndProject
Global
	GlobalSection(SolutionConfigurationPlatforms) = preSolution
		Debug|Any CPU = Debug|Any CPU
		Debug|x86 = Debug|x86
		Release|Any CPU = Release|Any CPU
		Release|x86 = Release|x86
	EndGlobalSection
	GlobalSection(ProjectConfigurationPlatforms) = postSolution
		{62DF8273-62EF-44CD-9443-C1041F8D2410}.Debug|Any CPU.ActiveCfg = Debug|Any CPU
		{62DF8273-62EF-44CD-9443-C1041F8D2410}.Debug|Any CPU.Build.0 = Debug|Any CPU
		{62DF8273-62EF-44CD-9443-C1041F8D2410}.Debug|x86.ActiveCfg = Debug|Any CPU
		{62DF8273-62EF-44CD-9443-C1041F8D2410}.Debug|x86.Build.0 = Debug|Any CPU
		{62DF8273-62EF-44CD-9443-C1041F8D2410}.Release|Any CPU.ActiveCfg = Release|Any CPU
		{62DF8273-62EF-44CD-9443-C1041F8D2410}.Release|Any CPU.Build.0 = Release|Any CPU
		{62DF8273-62EF-44CD-9443-C1041F8D2410}.Release|x86.ActiveCfg = Release|Any CPU
		{62DF8273-62EF-44CD-9443-C1041F8D2410}.Release|x86.Build.0 = Release|Any CPU
		{ECB08CEB-6C66-4916-ACDB-6DF07F3C4772}.Debug|Any CPU.ActiveCfg = Debug|Any CPU
		{ECB08CEB-6C66-4916-ACDB-6DF07F3C4772}.Debug|Any CPU.Build.0 = Debug|Any CPU
		{ECB08CEB-6C66-4916-ACDB-6DF07F3C4772}.Debug|x86.ActiveCfg = Debug|Any CPU
		{ECB08CEB-6C66-4916-ACDB-6DF07F3C4772}.Debug|x86.Build.0 = Debug|Any CPU
		{ECB08CEB-6C66-4916-ACDB-6DF07F3C4772}.Release|Any CPU.ActiveCfg = Release|Any CPU
		{ECB08CEB-6C66-4916-ACDB-6DF07F3C4772}.Release|Any CPU.Build.0 = Release|Any CPU
		{ECB08CEB-6C66-4916-ACDB-6DF07F3C4772}.Release|x86.ActiveCfg = Release|Any CPU
		{ECB08CEB-6C66-4916-ACDB-6DF07F3C4772}.Release|x86.Build.0 = Release|Any CPU
		{11E1D16B-5EFB-4A29-BEC6-37F708EBC61F}.Debug|Any CPU.ActiveCfg = Debug|Any CPU
		{11E1D16B-5EFB-4A29-BEC6-37F708EBC61F}.Debug|Any CPU.Build.0 = Debug|Any CPU
		{11E1D16B-5EFB-4A29-BEC6-37F708EBC61F}.Debug|x86.ActiveCfg = Debug|Any CPU
		{11E1D16B-5EFB-4A29-BEC6-37F708EBC61F}.Debug|x86.Build.0 = Debug|Any CPU
		{11E1D16B-5EFB-4A29-BEC6-37F708EBC61F}.Release|Any CPU.ActiveCfg = Release|Any CPU
		{11E1D16B-5EFB-4A29-BEC6-37F708EBC61F}.Release|Any CPU.Build.0 = Release|Any CPU
		{11E1D16B-5EFB-4A29-BEC6-37F708EBC61F}.Release|x86.ActiveCfg = Release|Any CPU
		{11E1D16B-5EFB-4A29-BEC6-37F708EBC61F}.Release|x86.Build.0 = Release|Any CPU
		{BB9BAFDF-963A-4E3D-8BF3-65CBF83FD4D7}.Debug|Any CPU.ActiveCfg = Debug|Any CPU
		{BB9BAFDF-963A-4E3D-8BF3-65CBF83FD4D7}.Debug|Any CPU.Build.0 = Debug|Any CPU
		{BB9BAFDF-963A-4E3D-8BF3-65CBF83FD4D7}.Debug|x86.ActiveCfg = Debug|Any CPU
		{BB9BAFDF-963A-4E3D-8BF3-65CBF83FD4D7}.Debug|x86.Build.0 = Debug|Any CPU
		{BB9BAFDF-963A-4E3D-8BF3-65CBF83FD4D7}.Release|Any CPU.ActiveCfg = Release|Any CPU
		{BB9BAFDF-963A-4E3D-8BF3-65CBF83FD4D7}.Release|Any CPU.Build.0 = Release|Any CPU
		{BB9BAFDF-963A-4E3D-8BF3-65CBF83FD4D7}.Release|x86.ActiveCfg = Release|Any CPU
		{BB9BAFDF-963A-4E3D-8BF3-65CBF83FD4D7}.Release|x86.Build.0 = Release|Any CPU
		{65FD2480-5682-4F63-9664-CAD8C2A9B684}.Debug|Any CPU.ActiveCfg = Debug|Any CPU
		{65FD2480-5682-4F63-9664-CAD8C2A9B684}.Debug|Any CPU.Build.0 = Debug|Any CPU
		{65FD2480-5682-4F63-9664-CAD8C2A9B684}.Debug|x86.ActiveCfg = Debug|Any CPU
		{65FD2480-5682-4F63-9664-CAD8C2A9B684}.Debug|x86.Build.0 = Debug|Any CPU
		{65FD2480-5682-4F63-9664-CAD8C2A9B684}.Release|Any CPU.ActiveCfg = Release|Any CPU
		{65FD2480-5682-4F63-9664-CAD8C2A9B684}.Release|Any CPU.Build.0 = Release|Any CPU
		{65FD2480-5682-4F63-9664-CAD8C2A9B684}.Release|x86.ActiveCfg = Release|Any CPU
		{65FD2480-5682-4F63-9664-CAD8C2A9B684}.Release|x86.Build.0 = Release|Any CPU
		{D518201C-74E0-4592-80EB-804920EC1F52}.Debug|Any CPU.ActiveCfg = Debug|Any CPU
		{D518201C-74E0-4592-80EB-804920EC1F52}.Debug|Any CPU.Build.0 = Debug|Any CPU
		{D518201C-74E0-4592-80EB-804920EC1F52}.Debug|x86.ActiveCfg = Debug|Any CPU
		{D518201C-74E0-4592-80EB-804920EC1F52}.Debug|x86.Build.0 = Debug|Any CPU
		{D518201C-74E0-4592-80EB-804920EC1F52}.Release|Any CPU.ActiveCfg = Release|Any CPU
		{D518201C-74E0-4592-80EB-804920EC1F52}.Release|Any CPU.Build.0 = Release|Any CPU
		{D518201C-74E0-4592-80EB-804920EC1F52}.Release|x86.ActiveCfg = Release|Any CPU
		{D518201C-74E0-4592-80EB-804920EC1F52}.Release|x86.Build.0 = Release|Any CPU
	EndGlobalSection
	GlobalSection(SolutionProperties) = preSolution
		HideSolutionNode = FALSE
	EndGlobalSection
	GlobalSection(NestedProjects) = preSolution
		{F38CF0B2-A2CD-4DA4-A1F8-3C32141B2846} = {831EEF4D-699F-4C6E-A3EE-E567E8ABBC3F}
		{02987C72-E752-4A4C-9EE6-7EDA96292349} = {831EEF4D-699F-4C6E-A3EE-E567E8ABBC3F}
		{C63E9F17-46F9-459B-A71D-8603F2A033F3} = {831EEF4D-699F-4C6E-A3EE-E567E8ABBC3F}
		{62DF8273-62EF-44CD-9443-C1041F8D2410} = {F38CF0B2-A2CD-4DA4-A1F8-3C32141B2846}
		{ECB08CEB-6C66-4916-ACDB-6DF07F3C4772} = {F38CF0B2-A2CD-4DA4-A1F8-3C32141B2846}
		{11E1D16B-5EFB-4A29-BEC6-37F708EBC61F} = {02987C72-E752-4A4C-9EE6-7EDA96292349}
		{BB9BAFDF-963A-4E3D-8BF3-65CBF83FD4D7} = {02987C72-E752-4A4C-9EE6-7EDA96292349}
		{65FD2480-5682-4F63-9664-CAD8C2A9B684} = {C63E9F17-46F9-459B-A71D-8603F2A033F3}
		{D518201C-74E0-4592-80EB-804920EC1F52} = {C63E9F17-46F9-459B-A71D-8603F2A033F3}
	EndGlobalSection
	GlobalSection(ExtensibilityGlobals) = postSolution
		SolutionGuid = {C7B59F36-E2BC-47CD-B191-4FDC390F12D1}
	EndGlobalSection
EndGlobal
